
Microsoft Visual Studio Solution File, Format Version 12.00
# Visual Studio Version 17
VisualStudioVersion = 17.11.35312.102
MinimumVisualStudioVersion = 10.0.40219.1
Project("{FAE04EC0-301F-11D3-BF4B-00C04F79EFBC}") = "ConsoleAppGitHub", "ConsoleAppGitHub\ConsoleAppGitHub.csproj", "{D0C3385B-77DD-4E53-8803-1168AB575596}"
EndProject
Global
	GlobalSection(SolutionConfigurationPlatforms) = preSolution
		Debug|Any CPU = Debug|Any CPU
		Release|Any CPU = Release|Any CPU
	EndGlobalSection
	GlobalSection(ProjectConfigurationPlatforms) = postSolution
		{D0C3385B-77DD-4E53-8803-1168AB575596}.Debug|Any CPU.ActiveCfg = Debug|Any CPU
		{D0C3385B-77DD-4E53-8803-1168AB575596}.Debug|Any CPU.Build.0 = Debug|Any CPU
		{D0C3385B-77DD-4E53-8803-1168AB575596}.Release|Any CPU.ActiveCfg = Release|Any CPU
		{D0C3385B-77DD-4E53-8803-1168AB575596}.Release|Any CPU.Build.0 = Release|Any CPU
	EndGlobalSection
	GlobalSection(SolutionProperties) = preSolution
		HideSolutionNode = FALSE
	EndGlobalSection
	GlobalSection(ExtensibilityGlobals) = postSolution
		SolutionGuid = {6281F2AD-17DC-42FC-AC10-4368F79BB565}
	EndGlobalSection
EndGlobal
